
Microsoft Visual Studio Solution File, Format Version 12.00
# Visual Studio Version 17
VisualStudioVersion = 17.14.37012.4 d17.14
MinimumVisualStudioVersion = 10.0.40219.1
Project("{FAE04EC0-301F-11D3-BF4B-00C04F79EFBC}") = "BunningsInventoryManagementSystem", "BunningsInventoryManagementSystem.csproj", "{E4EA5F95-4756-4286-BD28-291FF3B9E7A5}"
EndProject
Global
	GlobalSection(SolutionConfigurationPlatforms) = preSolution
		Debug|Any CPU = Debug|Any CPU
		Release|Any CPU = Release|Any CPU
	EndGlobalSection
	GlobalSection(ProjectConfigurationPlatforms) = postSolution
		{E4EA5F95-4756-4286-BD28-291FF3B9E7A5}.Debug|Any CPU.ActiveCfg = Debug|Any CPU
		{E4EA5F95-4756-4286-BD28-291FF3B9E7A5}.Debug|Any CPU.Build.0 = Debug|Any CPU
		{E4EA5F95-4756-4286-BD28-291FF3B9E7A5}.Release|Any CPU.ActiveCfg = Release|Any CPU
		{E4EA5F95-4756-4286-BD28-291FF3B9E7A5}.Release|Any CPU.Build.0 = Release|Any CPU
	EndGlobalSection
	GlobalSection(SolutionProperties) = preSolution
		HideSolutionNode = FALSE
	EndGlobalSection
	GlobalSection(ExtensibilityGlobals) = postSolution
		SolutionGuid = {17208313-4722-4B47-9620-0427298705B0}
	EndGlobalSection
EndGlobal
